
Microsoft Visual Studio Solution File, Format Version 12.00
# Visual Studio Version 16
VisualStudioVersion = 16.0.31702.278
MinimumVisualStudioVersion = 10.0.40219.1
Project("{FAE04EC0-301F-11D3-BF4B-00C04F79EFBC}") = "API_Botanapoly", "API_Botanapoly.csproj", "{46515DF9-F56E-4197-BB18-D9D95E2C65CA}"
EndProject
Global
	GlobalSection(SolutionConfigurationPlatforms) = preSolution
		Debug|Any CPU = Debug|Any CPU
		Release|Any CPU = Release|Any CPU
	EndGlobalSection
	GlobalSection(ProjectConfigurationPlatforms) = postSolution
		{46515DF9-F56E-4197-BB18-D9D95E2C65CA}.Debug|Any CPU.ActiveCfg = Debug|Any CPU
		{46515DF9-F56E-4197-BB18-D9D95E2C65CA}.Debug|Any CPU.Build.0 = Debug|Any CPU
		{46515DF9-F56E-4197-BB18-D9D95E2C65CA}.Release|Any CPU.ActiveCfg = Release|Any CPU
		{46515DF9-F56E-4197-BB18-D9D95E2C65CA}.Release|Any CPU.Build.0 = Release|Any CPU
	EndGlobalSection
	GlobalSection(SolutionProperties) = preSolution
		HideSolutionNode = FALSE
	EndGlobalSection
	GlobalSection(ExtensibilityGlobals) = postSolution
		SolutionGuid = {E4233D0A-1905-4ED2-B494-EC0157DB0EA1}
	EndGlobalSection
EndGlobal
