
Microsoft Visual Studio Solution File, Format Version 12.00
# Visual Studio Version 16
VisualStudioVersion = 16.0.31702.278
MinimumVisualStudioVersion = 10.0.40219.1
Project("{FAE04EC0-301F-11D3-BF4B-00C04F79EFBC}") = "botanapoly", "botanapoly\botanapoly.csproj", "{FEB85C71-03F3-4F2E-A6FB-D5AEF953A27D}"
EndProject
Global
	GlobalSection(SolutionConfigurationPlatforms) = preSolution
		Debug|Any CPU = Debug|Any CPU
		Release|Any CPU = Release|Any CPU
	EndGlobalSection
	GlobalSection(ProjectConfigurationPlatforms) = postSolution
		{FEB85C71-03F3-4F2E-A6FB-D5AEF953A27D}.Debug|Any CPU.ActiveCfg = Debug|Any CPU
		{FEB85C71-03F3-4F2E-A6FB-D5AEF953A27D}.Debug|Any CPU.Build.0 = Debug|Any CPU
		{FEB85C71-03F3-4F2E-A6FB-D5AEF953A27D}.Release|Any CPU.ActiveCfg = Release|Any CPU
		{FEB85C71-03F3-4F2E-A6FB-D5AEF953A27D}.Release|Any CPU.Build.0 = Release|Any CPU
	EndGlobalSection
	GlobalSection(SolutionProperties) = preSolution
		HideSolutionNode = FALSE
	EndGlobalSection
	GlobalSection(ExtensibilityGlobals) = postSolution
		SolutionGuid = {1083BC37-BC39-4F45-88FF-9EC0E03D0C2B}
	EndGlobalSection
EndGlobal
