
Microsoft Visual Studio Solution File, Format Version 12.00
# Visual Studio Version 16
VisualStudioVersion = 16.0.31702.278
MinimumVisualStudioVersion = 10.0.40219.1
Project("{9A19103F-16F7-4668-BE54-9A1E7A4F7556}") = "monopoly", "monopoly\monopoly.csproj", "{81B540E2-97D8-4A17-8E25-D78442828EE9}"
EndProject
Global
	GlobalSection(SolutionConfigurationPlatforms) = preSolution
		Debug|Any CPU = Debug|Any CPU
		Release|Any CPU = Release|Any CPU
	EndGlobalSection
	GlobalSection(ProjectConfigurationPlatforms) = postSolution
		{81B540E2-97D8-4A17-8E25-D78442828EE9}.Debug|Any CPU.ActiveCfg = Debug|Any CPU
		{81B540E2-97D8-4A17-8E25-D78442828EE9}.Debug|Any CPU.Build.0 = Debug|Any CPU
		{81B540E2-97D8-4A17-8E25-D78442828EE9}.Release|Any CPU.ActiveCfg = Release|Any CPU
		{81B540E2-97D8-4A17-8E25-D78442828EE9}.Release|Any CPU.Build.0 = Release|Any CPU
	EndGlobalSection
	GlobalSection(SolutionProperties) = preSolution
		HideSolutionNode = FALSE
	EndGlobalSection
	GlobalSection(ExtensibilityGlobals) = postSolution
		SolutionGuid = {31BE45E2-815F-442C-9D5E-E95B9015031D}
	EndGlobalSection
EndGlobal
